
Microsoft Visual Studio Solution File, Format Version 12.00
# Visual Studio Version 16
VisualStudioVersion = 16.0.31112.23
MinimumVisualStudioVersion = 10.0.40219.1
Project("{FAE04EC0-301F-11D3-BF4B-00C04F79EFBC}") = "Datos", "Datos\Datos.csproj", "{B46ECFAE-060B-4A1A-A7B8-F44B69D9F19A}"
EndProject
Project("{FAE04EC0-301F-11D3-BF4B-00C04F79EFBC}") = "Logica", "Logica\Logica.csproj", "{D632A532-C2F1-4567-A13B-A3D4AC1F0E07}"
EndProject
Project("{FAE04EC0-301F-11D3-BF4B-00C04F79EFBC}") = "ServiciosWeb-SOA", "ServiciosWeb-SOA\ServiciosWeb-SOA.csproj", "{120EFD83-4575-4AE1-A23C-E827947ADEC2}"
EndProject
Project("{FAE04EC0-301F-11D3-BF4B-00C04F79EFBC}") = "AgregarDatos", "AgregarDatos\AgregarDatos.csproj", "{C7D3E3B2-A2E6-4CA0-A0B7-B1AA2F442741}"
EndProject
Project("{FAE04EC0-301F-11D3-BF4B-00C04F79EFBC}") = "ServiciosRest", "ServiciosRest\ServiciosRest.csproj", "{FA0524E6-B64E-4DE8-B165-2E5F2B9D3B84}"
EndProject
Global
	GlobalSection(SolutionConfigurationPlatforms) = preSolution
		Debug|Any CPU = Debug|Any CPU
		Release|Any CPU = Release|Any CPU
	EndGlobalSection
	GlobalSection(ProjectConfigurationPlatforms) = postSolution
		{B46ECFAE-060B-4A1A-A7B8-F44B69D9F19A}.Debug|Any CPU.ActiveCfg = Debug|Any CPU
		{B46ECFAE-060B-4A1A-A7B8-F44B69D9F19A}.Debug|Any CPU.Build.0 = Debug|Any CPU
		{B46ECFAE-060B-4A1A-A7B8-F44B69D9F19A}.Release|Any CPU.ActiveCfg = Release|Any CPU
		{B46ECFAE-060B-4A1A-A7B8-F44B69D9F19A}.Release|Any CPU.Build.0 = Release|Any CPU
		{D632A532-C2F1-4567-A13B-A3D4AC1F0E07}.Debug|Any CPU.ActiveCfg = Debug|Any CPU
		{D632A532-C2F1-4567-A13B-A3D4AC1F0E07}.Debug|Any CPU.Build.0 = Debug|Any CPU
		{D632A532-C2F1-4567-A13B-A3D4AC1F0E07}.Release|Any CPU.ActiveCfg = Release|Any CPU
		{D632A532-C2F1-4567-A13B-A3D4AC1F0E07}.Release|Any CPU.Build.0 = Release|Any CPU
		{120EFD83-4575-4AE1-A23C-E827947ADEC2}.Debug|Any CPU.ActiveCfg = Debug|Any CPU
		{120EFD83-4575-4AE1-A23C-E827947ADEC2}.Debug|Any CPU.Build.0 = Debug|Any CPU
		{120EFD83-4575-4AE1-A23C-E827947ADEC2}.Release|Any CPU.ActiveCfg = Release|Any CPU
		{120EFD83-4575-4AE1-A23C-E827947ADEC2}.Release|Any CPU.Build.0 = Release|Any CPU
		{C7D3E3B2-A2E6-4CA0-A0B7-B1AA2F442741}.Debug|Any CPU.ActiveCfg = Debug|Any CPU
		{C7D3E3B2-A2E6-4CA0-A0B7-B1AA2F442741}.Debug|Any CPU.Build.0 = Debug|Any CPU
		{C7D3E3B2-A2E6-4CA0-A0B7-B1AA2F442741}.Release|Any CPU.ActiveCfg = Release|Any CPU
		{C7D3E3B2-A2E6-4CA0-A0B7-B1AA2F442741}.Release|Any CPU.Build.0 = Release|Any CPU
		{FA0524E6-B64E-4DE8-B165-2E5F2B9D3B84}.Debug|Any CPU.ActiveCfg = Debug|Any CPU
		{FA0524E6-B64E-4DE8-B165-2E5F2B9D3B84}.Debug|Any CPU.Build.0 = Debug|Any CPU
		{FA0524E6-B64E-4DE8-B165-2E5F2B9D3B84}.Release|Any CPU.ActiveCfg = Release|Any CPU
		{FA0524E6-B64E-4DE8-B165-2E5F2B9D3B84}.Release|Any CPU.Build.0 = Release|Any CPU
	EndGlobalSection
	GlobalSection(SolutionProperties) = preSolution
		HideSolutionNode = FALSE
	EndGlobalSection
	GlobalSection(ExtensibilityGlobals) = postSolution
		SolutionGuid = {42AFC0A0-9E4C-4C5C-8F39-CBEE694FDB38}
	EndGlobalSection
EndGlobal
